<?xml version="1.0" encoding="utf-8"?>
<Project ToolsVersion="4.0" xmlns="http://schemas.microsoft.com/developer/msbuild/2003">
  <ItemGroup>
    <Filter Include="源文件">
      <UniqueIdentifier>{4FC737F1-C7A5-4376-A066-2A32D752A2FF}</UniqueIdentifier>
      <Extensions>cpp;c;cc;cxx;c++;cppm;ixx;def;odl;idl;hpj;bat;asm;asmx</Extensions>
    </Filter>
    <Filter Include="头文件">
      <UniqueIdentifier>{93995380-89BD-4b04-88EB-625FBE52EBFB}</UniqueIdentifier>
      <Extensions>h;hh;hpp;hxx;h++;hm;inl;inc;ipp;xsd</Extensions>
    </Filter>
    <Filter Include="资源文件">
      <UniqueIdentifier>{67DA6AB6-F800-4c08-8B7A-83BB121AAD01}</UniqueIdentifier>
      <Extensions>rc;ico;cur;bmp;dlg;rc2;rct;bin;rgs;gif;jpg;jpeg;jpe;resx;tiff;tif;png;wav;mfcribbon-ms</Extensions>
    </Filter>
    <Filter Include="源文件\base">
      <UniqueIdentifier>{430baca7-64a7-48c5-985f-9c7a19ea5f1a}</UniqueIdentifier>
    </Filter>
    <Filter Include="源文件\server">
      <UniqueIdentifier>{f90d05f9-09f1-4380-88c6-7ca80cd4bb50}</UniqueIdentifier>
    </Filter>
    <Filter Include="源文件\stream">
      <UniqueIdentifier>{6d8b5dd1-c717-4bc5-955f-3a918fbfa73c}</UniqueIdentifier>
    </Filter>
    <Filter Include="源文件\pc">
      <UniqueIdentifier>{a4b1eb68-d978-4a84-88fb-2a4be867489b}</UniqueIdentifier>
    </Filter>
    <Filter Include="源文件\ICE">
      <UniqueIdentifier>{2830100b-442a-4945-b28f-2deeb2c6f91b}</UniqueIdentifier>
    </Filter>
    <Filter Include="源文件\libwebrtc">
      <UniqueIdentifier>{afca59fc-4af4-46df-8c87-887e38c69d0f}</UniqueIdentifier>
    </Filter>
    <Filter Include="源文件\libwebrtc\rtc_base">
      <UniqueIdentifier>{c92a51e6-4d44-4e48-b3f1-d57a3bc61f95}</UniqueIdentifier>
    </Filter>
    <Filter Include="源文件\libwebrtc\system_wrappers">
      <UniqueIdentifier>{92277e45-514c-436d-91cc-43c8a3d1b1c4}</UniqueIdentifier>
    </Filter>
  </ItemGroup>
  <ItemGroup>
    <ClCompile Include="src\main.cpp">
      <Filter>源文件</Filter>
    </ClCompile>
    <ClCompile Include="src\base\conf.cpp">
      <Filter>源文件\base</Filter>
    </ClCompile>
    <ClCompile Include="src\base\log.cpp">
      <Filter>源文件\base</Filter>
    </ClCompile>
    <ClCompile Include="src\base\mypath.cpp">
      <Filter>源文件\base</Filter>
    </ClCompile>
    <ClCompile Include="src\server\signaling_server.cpp">
      <Filter>源文件\server</Filter>
    </ClCompile>
    <ClCompile Include="src\base\socket.cpp">
      <Filter>源文件\base</Filter>
    </ClCompile>
    <ClCompile Include="src\base\event_loop.cpp">
      <Filter>源文件\base</Filter>
    </ClCompile>
    <ClCompile Include="src\server\signaling_worker.cpp">
      <Filter>源文件\server</Filter>
    </ClCompile>
    <ClCompile Include="src\server\tcp_connection.cpp">
      <Filter>源文件\server</Filter>
    </ClCompile>
    <ClCompile Include="src\server\rtc_server.cpp">
      <Filter>源文件\server</Filter>
    </ClCompile>
    <ClCompile Include="src\server\rtc_worker.cpp">
      <Filter>源文件\server</Filter>
    </ClCompile>
    <ClCompile Include="src\base\NetStreamMaker.cpp">
      <Filter>源文件\base</Filter>
    </ClCompile>
    <ClCompile Include="src\stream\push_stream.cpp">
      <Filter>源文件\stream</Filter>
    </ClCompile>
    <ClCompile Include="src\stream\rtc_stream.cpp">
      <Filter>源文件\stream</Filter>
    </ClCompile>
    <ClCompile Include="src\stream\rtc_stream_manager.cpp">
      <Filter>源文件\stream</Filter>
    </ClCompile>
    <ClCompile Include="src\pc\peer_connection.cpp">
      <Filter>源文件\pc</Filter>
    </ClCompile>
    <ClCompile Include="src\pc\session_description.cpp">
      <Filter>源文件\pc</Filter>
    </ClCompile>
    <ClCompile Include="src\ice\ice_credentials.cpp">
      <Filter>源文件\ICE</Filter>
    </ClCompile>
    <ClCompile Include="src\ice\ice_def.cpp">
      <Filter>源文件\ICE</Filter>
    </ClCompile>
    <ClCompile Include="..\3rdpart\libwebrtc\src\rtc_base\rtc_certificate_generator.cc">
      <Filter>源文件\server</Filter>
    </ClCompile>
    <ClCompile Include="src\ice\ice_agent.cpp">
      <Filter>源文件\ICE</Filter>
    </ClCompile>
    <ClCompile Include="src\ice\ice_transport_channel.cpp">
      <Filter>源文件\ICE</Filter>
    </ClCompile>
    <ClCompile Include="src\pc\transport_controller.cpp">
      <Filter>源文件\pc</Filter>
    </ClCompile>
    <ClCompile Include="src\base\network.cpp">
      <Filter>源文件\base</Filter>
    </ClCompile>
    <ClCompile Include="src\ice\port_allocator.cpp">
      <Filter>源文件\ICE</Filter>
    </ClCompile>
    <ClCompile Include="src\ice\candidate.cpp">
      <Filter>源文件\ICE</Filter>
    </ClCompile>
    <ClCompile Include="src\ice\udp_port.cpp">
      <Filter>源文件\ICE</Filter>
    </ClCompile>
    <ClCompile Include="..\3rdpart\libwebrtc\src\rtc_base\string_encode.cc">
      <Filter>源文件\libwebrtc\rtc_base</Filter>
    </ClCompile>
    <ClCompile Include="..\3rdpart\libwebrtc\src\rtc_base\logging.cc">
      <Filter>源文件\libwebrtc\rtc_base</Filter>
    </ClCompile>
    <ClCompile Include="src\base\async_udp_socket.cpp">
      <Filter>源文件\base</Filter>
    </ClCompile>
    <ClCompile Include="src\ice\stun.cpp">
      <Filter>源文件\ICE</Filter>
    </ClCompile>
    <ClCompile Include="src\ice\ice_connection.cpp">
      <Filter>源文件\ICE</Filter>
    </ClCompile>
    <ClCompile Include="src\ice\ice_controller.cpp">
      <Filter>源文件\ICE</Filter>
    </ClCompile>
    <ClCompile Include="src\ice\stun_request.cpp">
      <Filter>源文件\ICE</Filter>
    </ClCompile>
    <ClCompile Include="src\pc\dtls_transport.cpp">
      <Filter>源文件\pc</Filter>
    </ClCompile>
    <ClCompile Include="..\3rdpart\libwebrtc\src\rtc_base\openssl_stream_adapter.cc">
      <Filter>源文件\libwebrtc\rtc_base</Filter>
    </ClCompile>
    <ClCompile Include="..\3rdpart\libwebrtc\src\system_wrappers\source\field_trial.cc">
      <Filter>源文件\libwebrtc\system_wrappers</Filter>
    </ClCompile>
  </ItemGroup>
  <ItemGroup>
    <ClInclude Include="src\base\conf.h">
      <Filter>源文件\base</Filter>
    </ClInclude>
    <ClInclude Include="src\base\log.h">
      <Filter>源文件\base</Filter>
    </ClInclude>
    <ClInclude Include="src\base\mypath.h">
      <Filter>源文件\base</Filter>
    </ClInclude>
    <ClInclude Include="src\server\signaling_server.h">
      <Filter>源文件\server</Filter>
    </ClInclude>
    <ClInclude Include="src\base\socket.h">
      <Filter>源文件\base</Filter>
    </ClInclude>
    <ClInclude Include="src\base\event_loop.h">
      <Filter>源文件\base</Filter>
    </ClInclude>
    <ClInclude Include="src\server\signaling_worker.h">
      <Filter>源文件\server</Filter>
    </ClInclude>
    <ClInclude Include="src\base\lock_free_queue.h">
      <Filter>源文件\base</Filter>
    </ClInclude>
    <ClInclude Include="src\server\tcp_connection.h">
      <Filter>源文件\server</Filter>
    </ClInclude>
    <ClInclude Include="src\base\xhead.h">
      <Filter>源文件\base</Filter>
    </ClInclude>
    <ClInclude Include="src\xrtcserver_def.h">
      <Filter>源文件</Filter>
    </ClInclude>
    <ClInclude Include="src\server\rtc_server.h">
      <Filter>源文件\server</Filter>
    </ClInclude>
    <ClInclude Include="src\server\rtc_worker.h">
      <Filter>源文件\server</Filter>
    </ClInclude>
    <ClInclude Include="src\base\NetStreamMaker.h">
      <Filter>源文件\base</Filter>
    </ClInclude>
    <ClInclude Include="src\stream\push_stream.h">
      <Filter>源文件\stream</Filter>
    </ClInclude>
    <ClInclude Include="src\stream\rtc_stream.h">
      <Filter>源文件\stream</Filter>
    </ClInclude>
    <ClInclude Include="src\stream\rtc_stream_manager.h">
      <Filter>源文件\stream</Filter>
    </ClInclude>
    <ClInclude Include="src\pc\peer_connection.h">
      <Filter>源文件\pc</Filter>
    </ClInclude>
    <ClInclude Include="src\pc\session_description.h">
      <Filter>源文件\pc</Filter>
    </ClInclude>
    <ClInclude Include="src\pc\codec_info.h">
      <Filter>源文件\pc</Filter>
    </ClInclude>
    <ClInclude Include="src\ice\ice_credentials.h">
      <Filter>源文件\ICE</Filter>
    </ClInclude>
    <ClInclude Include="src\ice\ice_def.h">
      <Filter>源文件\ICE</Filter>
    </ClInclude>
    <ClInclude Include="..\3rdpart\libwebrtc\src\rtc_base\rtc_certificate_generator.h">
      <Filter>源文件\server</Filter>
    </ClInclude>
    <ClInclude Include="src\ice\ice_agent.h">
      <Filter>源文件\ICE</Filter>
    </ClInclude>
    <ClInclude Include="src\ice\ice_transport_channel.h">
      <Filter>源文件\ICE</Filter>
    </ClInclude>
    <ClInclude Include="src\pc\transport_controller.h">
      <Filter>源文件\pc</Filter>
    </ClInclude>
    <ClInclude Include="src\base\network.h">
      <Filter>源文件\base</Filter>
    </ClInclude>
    <ClInclude Include="src\ice\port_allocator.h">
      <Filter>源文件\ICE</Filter>
    </ClInclude>
    <ClInclude Include="src\ice\candidate.h">
      <Filter>源文件\ICE</Filter>
    </ClInclude>
    <ClInclude Include="src\ice\udp_port.h">
      <Filter>源文件\ICE</Filter>
    </ClInclude>
    <ClInclude Include="src\base\async_udp_socket.h">
      <Filter>源文件\base</Filter>
    </ClInclude>
    <ClInclude Include="src\ice\stun.h">
      <Filter>源文件\ICE</Filter>
    </ClInclude>
    <ClInclude Include="src\ice\ice_connection.h">
      <Filter>源文件\ICE</Filter>
    </ClInclude>
    <ClInclude Include="src\ice\ice_controller.h">
      <Filter>源文件\ICE</Filter>
    </ClInclude>
    <ClInclude Include="src\ice\stun_request.h">
      <Filter>源文件\ICE</Filter>
    </ClInclude>
    <ClInclude Include="src\ice\ice_connection_info.h">
      <Filter>源文件\ICE</Filter>
    </ClInclude>
    <ClInclude Include="src\pc\dtls_transport.h">
      <Filter>源文件\pc</Filter>
    </ClInclude>
    <ClInclude Include="src\pc\peer_connection_def.h">
      <Filter>源文件\pc</Filter>
    </ClInclude>
  </ItemGroup>
</Project>